PODS:
  - SwiftLint (0.29.3)
  - TapAdditionsKit/Foundation/Bundle (1.2)
  - TapAdditionsKit/Foundation/Locale (1.2)
  - TapSwiftFixes/Threading (1.0.5)

DEPENDENCIES:
  - SwiftLint
  - TapAdditionsKit/Foundation/Bundle
  - TapAdditionsKit/Foundation/Locale
  - TapSwiftFixes/Threading

SPEC REPOS:
  https://github.com/cocoapods/specs.git:
    - SwiftLint
    - TapAdditionsKit
    - TapSwiftFixes

SPEC CHECKSUMS:
  SwiftLint: bfa7ca7b4d170cfaf0d236ca3ffd969e88a2f002
  TapAdditionsKit: ec0e7e864ad1590e0c2f62230100e2621499458f
  TapSwiftFixes: eb367e92bbc62a253f1c6737099e58d926e936b8

PODFILE CHECKSUM: 87b03be14d00b512c11c6761538c75bb39fdef8b

COCOAPODS: 1.6.0.beta.1
